
Microsoft Visual Studio Solution File, Format Version 12.00
# Visual Studio 2013
VisualStudioVersion = 12.0.0.0
MinimumVisualStudioVersion = 10.0.0.1
Project("{2150E333-8FDC-42A3-9474-1A3956D46DE8}") = "Data", "Data", "{A34969D8-4A6B-400B-AB35-C39900E1F0D1}"
EndProject
Project("{FAE04EC0-301F-11D3-BF4B-00C04F79EFBC}") = "Domain", "Domain\Domain.csproj", "{4D823F99-81AF-4B60-86CD-3FAECEB9C8CB}"
EndProject
Project("{2150E333-8FDC-42A3-9474-1A3956D46DE8}") = "Application", "Application", "{ECF0CE5B-9FD2-415D-9FB9-C88F1475D45D}"
EndProject
Project("{FAE04EC0-301F-11D3-BF4B-00C04F79EFBC}") = "MessageBuss", "Application\MessageBuss\MessageBuss.csproj", "{BBBCF041-CE80-4E35-9C99-1D87DB326997}"
EndProject
Project("{FAE04EC0-301F-11D3-BF4B-00C04F79EFBC}") = "Data", "Data\Data\Data.csproj", "{194ACBF7-7E68-467E-AF28-4E50E2BEBF2F}"
EndProject
Project("{2150E333-8FDC-42A3-9474-1A3956D46DE8}") = "Infrastructure", "Infrastructure", "{3677E401-6841-4D66-BCEA-66001E641945}"
EndProject
Project("{FAE04EC0-301F-11D3-BF4B-00C04F79EFBC}") = "Persistence", "Data\Infrastructure\Persistence\Persistence.csproj", "{F6252F2B-A841-4699-809A-EA412A75D069}"
EndProject
Project("{FAE04EC0-301F-11D3-BF4B-00C04F79EFBC}") = "Serialization", "Data\Infrastructure\Serialization\Serialization.csproj", "{D834526C-49E4-4EC9-A4F7-43FCCDD165DC}"
EndProject
Project("{FAE04EC0-301F-11D3-BF4B-00C04F79EFBC}") = "Transport", "Data\Infrastructure\Transport\Transport.csproj", "{B1368E68-7A69-4E7F-9327-2748E49C5D8A}"
EndProject
Project("{FAE04EC0-301F-11D3-BF4B-00C04F79EFBC}") = "Messages", "Data\Infrastructure\Messages\Messages.csproj", "{2A5971C3-1E8F-4129-850B-5777CCAA59EE}"
EndProject
Project("{FAE04EC0-301F-11D3-BF4B-00C04F79EFBC}") = "MessageBroker", "Application\MessageBroker\MessageBroker.csproj", "{9B796297-C934-4D39-BD3E-AEA8D1BEDC17}"
EndProject
Global
	GlobalSection(SolutionConfigurationPlatforms) = preSolution
		Debug|Any CPU = Debug|Any CPU
		Release|Any CPU = Release|Any CPU
	EndGlobalSection
	GlobalSection(ProjectConfigurationPlatforms) = postSolution
		{4D823F99-81AF-4B60-86CD-3FAECEB9C8CB}.Debug|Any CPU.ActiveCfg = Debug|Any CPU
		{4D823F99-81AF-4B60-86CD-3FAECEB9C8CB}.Debug|Any CPU.Build.0 = Debug|Any CPU
		{4D823F99-81AF-4B60-86CD-3FAECEB9C8CB}.Release|Any CPU.ActiveCfg = Release|Any CPU
		{4D823F99-81AF-4B60-86CD-3FAECEB9C8CB}.Release|Any CPU.Build.0 = Release|Any CPU
		{BBBCF041-CE80-4E35-9C99-1D87DB326997}.Debug|Any CPU.ActiveCfg = Debug|Any CPU
		{BBBCF041-CE80-4E35-9C99-1D87DB326997}.Debug|Any CPU.Build.0 = Debug|Any CPU
		{BBBCF041-CE80-4E35-9C99-1D87DB326997}.Release|Any CPU.ActiveCfg = Release|Any CPU
		{BBBCF041-CE80-4E35-9C99-1D87DB326997}.Release|Any CPU.Build.0 = Release|Any CPU
		{194ACBF7-7E68-467E-AF28-4E50E2BEBF2F}.Debug|Any CPU.ActiveCfg = Debug|Any CPU
		{194ACBF7-7E68-467E-AF28-4E50E2BEBF2F}.Debug|Any CPU.Build.0 = Debug|Any CPU
		{194ACBF7-7E68-467E-AF28-4E50E2BEBF2F}.Release|Any CPU.ActiveCfg = Release|Any CPU
		{194ACBF7-7E68-467E-AF28-4E50E2BEBF2F}.Release|Any CPU.Build.0 = Release|Any CPU
		{F6252F2B-A841-4699-809A-EA412A75D069}.Debug|Any CPU.ActiveCfg = Debug|Any CPU
		{F6252F2B-A841-4699-809A-EA412A75D069}.Debug|Any CPU.Build.0 = Debug|Any CPU
		{F6252F2B-A841-4699-809A-EA412A75D069}.Release|Any CPU.ActiveCfg = Release|Any CPU
		{F6252F2B-A841-4699-809A-EA412A75D069}.Release|Any CPU.Build.0 = Release|Any CPU
		{D834526C-49E4-4EC9-A4F7-43FCCDD165DC}.Debug|Any CPU.ActiveCfg = Debug|Any CPU
		{D834526C-49E4-4EC9-A4F7-43FCCDD165DC}.Debug|Any CPU.Build.0 = Debug|Any CPU
		{D834526C-49E4-4EC9-A4F7-43FCCDD165DC}.Release|Any CPU.ActiveCfg = Release|Any CPU
		{D834526C-49E4-4EC9-A4F7-43FCCDD165DC}.Release|Any CPU.Build.0 = Release|Any CPU
		{B1368E68-7A69-4E7F-9327-2748E49C5D8A}.Debug|Any CPU.ActiveCfg = Debug|Any CPU
		{B1368E68-7A69-4E7F-9327-2748E49C5D8A}.Debug|Any CPU.Build.0 = Debug|Any CPU
		{B1368E68-7A69-4E7F-9327-2748E49C5D8A}.Release|Any CPU.ActiveCfg = Release|Any CPU
		{B1368E68-7A69-4E7F-9327-2748E49C5D8A}.Release|Any CPU.Build.0 = Release|Any CPU
		{2A5971C3-1E8F-4129-850B-5777CCAA59EE}.Debug|Any CPU.ActiveCfg = Debug|Any CPU
		{2A5971C3-1E8F-4129-850B-5777CCAA59EE}.Debug|Any CPU.Build.0 = Debug|Any CPU
		{2A5971C3-1E8F-4129-850B-5777CCAA59EE}.Release|Any CPU.ActiveCfg = Release|Any CPU
		{2A5971C3-1E8F-4129-850B-5777CCAA59EE}.Release|Any CPU.Build.0 = Release|Any CPU
		{9B796297-C934-4D39-BD3E-AEA8D1BEDC17}.Debug|Any CPU.ActiveCfg = Debug|Any CPU
		{9B796297-C934-4D39-BD3E-AEA8D1BEDC17}.Debug|Any CPU.Build.0 = Debug|Any CPU
		{9B796297-C934-4D39-BD3E-AEA8D1BEDC17}.Release|Any CPU.ActiveCfg = Release|Any CPU
		{9B796297-C934-4D39-BD3E-AEA8D1BEDC17}.Release|Any CPU.Build.0 = Release|Any CPU
	EndGlobalSection
	GlobalSection(SolutionProperties) = preSolution
		HideSolutionNode = FALSE
	EndGlobalSection
	GlobalSection(NestedProjects) = preSolution
		{BBBCF041-CE80-4E35-9C99-1D87DB326997} = {ECF0CE5B-9FD2-415D-9FB9-C88F1475D45D}
		{194ACBF7-7E68-467E-AF28-4E50E2BEBF2F} = {A34969D8-4A6B-400B-AB35-C39900E1F0D1}
		{3677E401-6841-4D66-BCEA-66001E641945} = {A34969D8-4A6B-400B-AB35-C39900E1F0D1}
		{F6252F2B-A841-4699-809A-EA412A75D069} = {3677E401-6841-4D66-BCEA-66001E641945}
		{D834526C-49E4-4EC9-A4F7-43FCCDD165DC} = {3677E401-6841-4D66-BCEA-66001E641945}
		{B1368E68-7A69-4E7F-9327-2748E49C5D8A} = {3677E401-6841-4D66-BCEA-66001E641945}
		{2A5971C3-1E8F-4129-850B-5777CCAA59EE} = {3677E401-6841-4D66-BCEA-66001E641945}
		{9B796297-C934-4D39-BD3E-AEA8D1BEDC17} = {ECF0CE5B-9FD2-415D-9FB9-C88F1475D45D}
	EndGlobalSection
EndGlobal
